// !$*UTF8*$!
{
	archiveVersion = 1;
	classes = {
	};
	objectVersion = 51;
	objects = {

/* Begin PBXBuildFile section */
		66E44E48C48F0DDCF7A25A3D /* Pods_OnTheMap.framework in Frameworks */ = {isa = PBXBuildFile; fileRef = 67F7D9DD21AF687876963D3E /* Pods_OnTheMap.framework */; };
		7609BFE222E20EAB00287545 /* StudentsLocations.swift in Sources */ = {isa = PBXBuildFile; fileRef = 7609BFE122E20EAB00287545 /* StudentsLocations.swift */; };
		7609BFE422E3C9C400287545 /* StudentsMapViewController.swift in Sources */ = {isa = PBXBuildFile; fileRef = 7609BFE322E3C9C400287545 /* StudentsMapViewController.swift */; };
		7609BFE722E3D57F00287545 /* StudentsTableViewController.swift in Sources */ = {isa = PBXBuildFile; fileRef = 7609BFE622E3D57F00287545 /* StudentsTableViewController.swift */; };
		761CEC1C22E66435003CC0CF /* ActivityIndicator.swift in Sources */ = {isa = PBXBuildFile; fileRef = 761CEC1B22E66435003CC0CF /* ActivityIndicator.swift */; };
		761CEC1E22E66DA3003CC0CF /* mapsLocationViewController.swift in Sources */ = {isa = PBXBuildFile; fileRef = 761CEC1D22E66DA3003CC0CF /* mapsLocationViewController.swift */; };
		761CEC2322E7D2F4003CC0CF /* MapKit.framework in Frameworks */ = {isa = PBXBuildFile; fileRef = 761CEC2222E7D2F4003CC0CF /* MapKit.framework */; };
		7650F24422E90ABA00A2FE8A /* StudentsData.swift in Sources */ = {isa = PBXBuildFile; fileRef = 7650F24322E90ABA00A2FE8A /* StudentsData.swift */; };
		7650F24622E910EC00A2FE8A /* ParseConstants.swift in Sources */ = {isa = PBXBuildFile; fileRef = 7650F24522E910EC00A2FE8A /* ParseConstants.swift */; };
		7650F24822E9161D00A2FE8A /* UdacityAPI.swift in Sources */ = {isa = PBXBuildFile; fileRef = 7650F24722E9161D00A2FE8A /* UdacityAPI.swift */; };
		7650F24A22E916BE00A2FE8A /* UdacityConstants.swift in Sources */ = {isa = PBXBuildFile; fileRef = 7650F24922E916BE00A2FE8A /* UdacityConstants.swift */; };
		76BADEE722E5345A0011C0AD /* addLocationViewController.swift in Sources */ = {isa = PBXBuildFile; fileRef = 76BADEE622E5345A0011C0AD /* addLocationViewController.swift */; };
		76C2F07122DFFFF300AE9F2C /* AppDelegate.swift in Sources */ = {isa = PBXBuildFile; fileRef = 76C2F07022DFFFF300AE9F2C /* AppDelegate.swift */; };
		76C2F07322DFFFF300AE9F2C /* LoginViewController.swift in Sources */ = {isa = PBXBuildFile; fileRef = 76C2F07222DFFFF300AE9F2C /* LoginViewController.swift */; };
		76C2F07622DFFFF300AE9F2C /* Main.storyboard in Resources */ = {isa = PBXBuildFile; fileRef = 76C2F07422DFFFF300AE9F2C /* Main.storyboard */; };
		76C2F07822DFFFF500AE9F2C /* Assets.xcassets in Resources */ = {isa = PBXBuildFile; fileRef = 76C2F07722DFFFF500AE9F2C /* Assets.xcassets */; };
		76C2F07B22DFFFF500AE9F2C /* LaunchScreen.storyboard in Resources */ = {isa = PBXBuildFile; fileRef = 76C2F07922DFFFF500AE9F2C /* LaunchScreen.storyboard */; };
		76C2F08822E138B600AE9F2C /* ParseAPI.swift in Sources */ = {isa = PBXBuildFile; fileRef = 76C2F08722E138B600AE9F2C /* ParseAPI.swift */; };
/* End PBXBuildFile section */

/* Begin PBXFileReference section */
		67F7D9DD21AF687876963D3E /* Pods_OnTheMap.framework */ = {isa = PBXFileReference; explicitFileType = wrapper.framework; includeInIndex = 0; path = Pods_OnTheMap.framework; sourceTree = BUILT_PRODUCTS_DIR; };
		7609BFE122E20EAB00287545 /* StudentsLocations.swift */ = {isa = PBXFileReference; lastKnownFileType = sourcecode.swift; path = StudentsLocations.swift; sourceTree = "<group>"; };
		7609BFE322E3C9C400287545 /* StudentsMapViewController.swift */ = {isa = PBXFileReference; lastKnownFileType = sourcecode.swift; path = StudentsMapViewController.swift; sourceTree = "<group>"; };
		7609BFE622E3D57F00287545 /* StudentsTableViewController.swift */ = {isa = PBXFileReference; lastKnownFileType = sourcecode.swift; path = StudentsTableViewController.swift; sourceTree = "<group>"; };
		761CEC1B22E66435003CC0CF /* ActivityIndicator.swift */ = {isa = PBXFileReference; lastKnownFileType = sourcecode.swift; path = ActivityIndicator.swift; sourceTree = "<group>"; };
		761CEC1D22E66DA3003CC0CF /* mapsLocationViewController.swift */ = {isa = PBXFileReference; lastKnownFileType = sourcecode.swift; path = mapsLocationViewController.swift; sourceTree = "<group>"; };
		761CEC2222E7D2F4003CC0CF /* MapKit.framework */ = {isa = PBXFileReference; lastKnownFileType = wrapper.framework; name = MapKit.framework; path = System/Library/Frameworks/MapKit.framework; sourceTree = SDKROOT; };
		7650F24322E90ABA00A2FE8A /* StudentsData.swift */ = {isa = PBXFileReference; lastKnownFileType = sourcecode.swift; path = StudentsData.swift; sourceTree = "<group>"; };
		7650F24522E910EC00A2FE8A /* ParseConstants.swift */ = {isa = PBXFileReference; lastKnownFileType = sourcecode.swift; path = ParseConstants.swift; sourceTree = "<group>"; };
		7650F24722E9161D00A2FE8A /* UdacityAPI.swift */ = {isa = PBXFileReference; lastKnownFileType = sourcecode.swift; path = UdacityAPI.swift; sourceTree = "<group>"; };
		7650F24922E916BE00A2FE8A /* UdacityConstants.swift */ = {isa = PBXFileReference; lastKnownFileType = sourcecode.swift; path = UdacityConstants.swift; sourceTree = "<group>"; };
		76BADEE622E5345A0011C0AD /* addLocationViewController.swift */ = {isa = PBXFileReference; lastKnownFileType = sourcecode.swift; path = addLocationViewController.swift; sourceTree = "<group>"; };
		76C2F06D22DFFFF300AE9F2C /* OnTheMap.app */ = {isa = PBXFileReference; explicitFileType = wrapper.application; includeInIndex = 0; path = OnTheMap.app; sourceTree = BUILT_PRODUCTS_DIR; };
		76C2F07022DFFFF300AE9F2C /* AppDelegate.swift */ = {isa = PBXFileReference; lastKnownFileType = sourcecode.swift; path = AppDelegate.swift; sourceTree = "<group>"; };
		76C2F07222DFFFF300AE9F2C /* LoginViewController.swift */ = {isa = PBXFileReference; lastKnownFileType = sourcecode.swift; path = LoginViewController.swift; sourceTree = "<group>"; };
		76C2F07522DFFFF300AE9F2C /* Base */ = {isa = PBXFileReference; lastKnownFileType = file.storyboard; name = Base; path = Base.lproj/Main.storyboard; sourceTree = "<group>"; };
		76C2F07722DFFFF500AE9F2C /* Assets.xcassets */ = {isa = PBXFileReference; lastKnownFileType = folder.assetcatalog; path = Assets.xcassets; sourceTree = "<group>"; };
		76C2F07A22DFFFF500AE9F2C /* Base */ = {isa = PBXFileReference; lastKnownFileType = file.storyboard; name = Base; path = Base.lproj/LaunchScreen.storyboard; sourceTree = "<group>"; };
		76C2F07C22DFFFF500AE9F2C /* Info.plist */ = {isa = PBXFileReference; lastKnownFileType = text.plist.xml; path = Info.plist; sourceTree = "<group>"; };
		76C2F08722E138B600AE9F2C /* ParseAPI.swift */ = {isa = PBXFileReference; lastKnownFileType = sourcecode.swift; path = ParseAPI.swift; sourceTree = "<group>"; };
		D35E8F58496A2D63796D1C77 /* Pods-OnTheMap.release.xcconfig */ = {isa = PBXFileReference; includeInIndex = 1; lastKnownFileType = text.xcconfig; name = "Pods-OnTheMap.release.xcconfig"; path = "Target Support Files/Pods-OnTheMap/Pods-OnTheMap.release.xcconfig"; sourceTree = "<group>"; };
		DD97EFAAC3B8DDA78405C528 /* Pods-OnTheMap.debug.xcconfig */ = {isa = PBXFileReference; includeInIndex = 1; lastKnownFileType = text.xcconfig; name = "Pods-OnTheMap.debug.xcconfig"; path = "Target Support Files/Pods-OnTheMap/Pods-OnTheMap.debug.xcconfig"; sourceTree = "<group>"; };
/* End PBXFileReference section */

/* Begin PBXFrameworksBuildPhase section */
		76C2F06A22DFFFF300AE9F2C /* Frameworks */ = {
			isa = PBXFrameworksBuildPhase;
			buildActionMask = 2147483647;
			files = (
				761CEC2322E7D2F4003CC0CF /* MapKit.framework in Frameworks */,
				66E44E48C48F0DDCF7A25A3D /* Pods_OnTheMap.framework in Frameworks */,
			);
			runOnlyForDeploymentPostprocessing = 0;
		};
/* End PBXFrameworksBuildPhase section */

/* Begin PBXGroup section */
		761CEC2122E7D2F4003CC0CF /* Frameworks */ = {
			isa = PBXGroup;
			children = (
				761CEC2222E7D2F4003CC0CF /* MapKit.framework */,
				67F7D9DD21AF687876963D3E /* Pods_OnTheMap.framework */,
			);
			name = Frameworks;
			sourceTree = "<group>";
		};
		76C2F06422DFFFF300AE9F2C = {
			isa = PBXGroup;
			children = (
				76C2F06F22DFFFF300AE9F2C /* OnTheMap */,
				76C2F06E22DFFFF300AE9F2C /* Products */,
				761CEC2122E7D2F4003CC0CF /* Frameworks */,
				938112AD7827D4C6A67501E7 /* Pods */,
			);
			sourceTree = "<group>";
		};
		76C2F06E22DFFFF300AE9F2C /* Products */ = {
			isa = PBXGroup;
			children = (
				76C2F06D22DFFFF300AE9F2C /* OnTheMap.app */,
			);
			name = Products;
			sourceTree = "<group>";
		};
		76C2F06F22DFFFF300AE9F2C /* OnTheMap */ = {
			isa = PBXGroup;
			children = (
				76C2F08222E1153300AE9F2C /* Model */,
				76C2F08322E1154000AE9F2C /* View */,
				76C2F08422E1154700AE9F2C /* Controller */,
				76C2F07022DFFFF300AE9F2C /* AppDelegate.swift */,
				76C2F07C22DFFFF500AE9F2C /* Info.plist */,
			);
			path = OnTheMap;
			sourceTree = "<group>";
		};
		76C2F08222E1153300AE9F2C /* Model */ = {
			isa = PBXGroup;
			children = (
				76C2F08722E138B600AE9F2C /* ParseAPI.swift */,
				7650F24522E910EC00A2FE8A /* ParseConstants.swift */,
				7650F24322E90ABA00A2FE8A /* StudentsData.swift */,
				7609BFE122E20EAB00287545 /* StudentsLocations.swift */,
				7650F24722E9161D00A2FE8A /* UdacityAPI.swift */,
				7650F24922E916BE00A2FE8A /* UdacityConstants.swift */,
			);
			path = Model;
			sourceTree = "<group>";
		};
		76C2F08322E1154000AE9F2C /* View */ = {
			isa = PBXGroup;
			children = (
				761CEC1B22E66435003CC0CF /* ActivityIndicator.swift */,
				76C2F07422DFFFF300AE9F2C /* Main.storyboard */,
				76C2F07722DFFFF500AE9F2C /* Assets.xcassets */,
				76C2F07922DFFFF500AE9F2C /* LaunchScreen.storyboard */,
			);
			path = View;
			sourceTree = "<group>";
		};
		76C2F08422E1154700AE9F2C /* Controller */ = {
			isa = PBXGroup;
			children = (
				76C2F07222DFFFF300AE9F2C /* LoginViewController.swift */,
				7609BFE322E3C9C400287545 /* StudentsMapViewController.swift */,
				7609BFE622E3D57F00287545 /* StudentsTableViewController.swift */,
				76BADEE622E5345A0011C0AD /* addLocationViewController.swift */,
				761CEC1D22E66DA3003CC0CF /* mapsLocationViewController.swift */,
			);
			path = Controller;
			sourceTree = "<group>";
		};
		938112AD7827D4C6A67501E7 /* Pods */ = {
			isa = PBXGroup;
			children = (
				DD97EFAAC3B8DDA78405C528 /* Pods-OnTheMap.debug.xcconfig */,
				D35E8F58496A2D63796D1C77 /* Pods-OnTheMap.release.xcconfig */,
			);
			path = Pods;
			sourceTree = "<group>";
		};
/* End PBXGroup section */

/* Begin PBXNativeTarget section */
		76C2F06C22DFFFF300AE9F2C /* OnTheMap */ = {
			isa = PBXNativeTarget;
			buildConfigurationList = 76C2F07F22DFFFF500AE9F2C /* Build configuration list for PBXNativeTarget "OnTheMap" */;
			buildPhases = (
				9401CB0DA818AFBFE54925CA /* [CP] Check Pods Manifest.lock */,
				76C2F06922DFFFF300AE9F2C /* Sources */,
				76C2F06A22DFFFF300AE9F2C /* Frameworks */,
				76C2F06B22DFFFF300AE9F2C /* Resources */,
				7E323A46823D9483ADD6992F /* [CP] Embed Pods Frameworks */,
			);
			buildRules = (
			);
			dependencies = (
			);
			name = OnTheMap;
			productName = OnTheMap;
			productReference = 76C2F06D22DFFFF300AE9F2C /* OnTheMap.app */;
			productType = "com.apple.product-type.application";
		};
/* End PBXNativeTarget section */

/* Begin PBXProject section */
		76C2F06522DFFFF300AE9F2C /* Project object */ = {
			isa = PBXProject;
			attributes = {
				LastSwiftUpdateCheck = 1020;
				LastUpgradeCheck = 1250;
				ORGANIZATIONNAME = "Ahmed Afifi";
				TargetAttributes = {
					76C2F06C22DFFFF300AE9F2C = {
						CreatedOnToolsVersion = 10.2.1;
					};
				};
			};
			buildConfigurationList = 76C2F06822DFFFF300AE9F2C /* Build configuration list for PBXProject "OnTheMap" */;
			compatibilityVersion = "Xcode 9.3";
			developmentRegion = en;
			hasScannedForEncodings = 0;
			knownRegions = (
				en,
				Base,
			);
			mainGroup = 76C2F06422DFFFF300AE9F2C;
			productRefGroup = 76C2F06E22DFFFF300AE9F2C /* Products */;
			projectDirPath = "";
			projectRoot = "";
			targets = (
				76C2F06C22DFFFF300AE9F2C /* OnTheMap */,
			);
		};
/* End PBXProject section */

/* Begin PBXResourcesBuildPhase section */
		76C2F06B22DFFFF300AE9F2C /* Resources */ = {
			isa = PBXResourcesBuildPhase;
			buildActionMask = 2147483647;
			files = (
				76C2F07B22DFFFF500AE9F2C /* LaunchScreen.storyboard in Resources */,
				76C2F07822DFFFF500AE9F2C /* Assets.xcassets in Resources */,
				76C2F07622DFFFF300AE9F2C /* Main.storyboard in Resources */,
			);
			runOnlyForDeploymentPostprocessing = 0;
		};
/* End PBXResourcesBuildPhase section */

/* Begin PBXShellScriptBuildPhase section */
		7E323A46823D9483ADD6992F /* [CP] Embed Pods Frameworks */ = {
			isa = PBXShellScriptBuildPhase;
			buildActionMask = 2147483647;
			files = (
			);
			inputFileListPaths = (
				"${PODS_ROOT}/Target Support Files/Pods-OnTheMap/Pods-OnTheMap-frameworks-${CONFIGURATION}-input-files.xcfilelist",
			);
			name = "[CP] Embed Pods Frameworks";
			outputFileListPaths = (
				"${PODS_ROOT}/Target Support Files/Pods-OnTheMap/Pods-OnTheMap-frameworks-${CONFIGURATION}-output-files.xcfilelist",
			);
			runOnlyForDeploymentPostprocessing = 0;
			shellPath = /bin/sh;
			shellScript = "\"${PODS_ROOT}/Target Support Files/Pods-OnTheMap/Pods-OnTheMap-frameworks.sh\"\n";
			showEnvVarsInLog = 0;
		};
		9401CB0DA818AFBFE54925CA /* [CP] Check Pods Manifest.lock */ = {
			isa = PBXShellScriptBuildPhase;
			buildActionMask = 2147483647;
			files = (
			);
			inputFileListPaths = (
			);
			inputPaths = (
				"${PODS_PODFILE_DIR_PATH}/Podfile.lock",
				"${PODS_ROOT}/Manifest.lock",
			);
			name = "[CP] Check Pods Manifest.lock";
			outputFileListPaths = (
			);
			outputPaths = (
				"$(DERIVED_FILE_DIR)/Pods-OnTheMap-checkManifestLockResult.txt",
			);
			runOnlyForDeploymentPostprocessing = 0;
			shellPath = /bin/sh;
			shellScript = "diff \"${PODS_PODFILE_DIR_PATH}/Podfile.lock\" \"${PODS_ROOT}/Manifest.lock\" > /dev/null\nif [ $? != 0 ] ; then\n    # print error to STDERR\n    echo \"error: The sandbox is not in sync with the Podfile.lock. Run 'pod install' or update your CocoaPods installation.\" >&2\n    exit 1\nfi\n# This output is used by Xcode 'outputs' to avoid re-running this script phase.\necho \"SUCCESS\" > \"${SCRIPT_OUTPUT_FILE_0}\"\n";
			showEnvVarsInLog = 0;
		};
/* End PBXShellScriptBuildPhase section */

/* Begin PBXSourcesBuildPhase section */
		76C2F06922DFFFF300AE9F2C /* Sources */ = {
			isa = PBXSourcesBuildPhase;
			buildActionMask = 2147483647;
			files = (
				76C2F07322DFFFF300AE9F2C /* LoginViewController.swift in Sources */,
				7650F24A22E916BE00A2FE8A /* UdacityConstants.swift in Sources */,
				7609BFE422E3C9C400287545 /* StudentsMapViewController.swift in Sources */,
				761CEC1E22E66DA3003CC0CF /* mapsLocationViewController.swift in Sources */,
				76C2F07122DFFFF300AE9F2C /* AppDelegate.swift in Sources */,
				7650F24822E9161D00A2FE8A /* UdacityAPI.swift in Sources */,
				76BADEE722E5345A0011C0AD /* addLocationViewController.swift in Sources */,
				7650F24422E90ABA00A2FE8A /* StudentsData.swift in Sources */,
				7650F24622E910EC00A2FE8A /* ParseConstants.swift in Sources */,
				7609BFE222E20EAB00287545 /* StudentsLocations.swift in Sources */,
				761CEC1C22E66435003CC0CF /* ActivityIndicator.swift in Sources */,
				76C2F08822E138B600AE9F2C /* ParseAPI.swift in Sources */,
				7609BFE722E3D57F00287545 /* StudentsTableViewController.swift in Sources */,
			);
			runOnlyForDeploymentPostprocessing = 0;
		};
/* End PBXSourcesBuildPhase section */

/* Begin PBXVariantGroup section */
		76C2F07422DFFFF300AE9F2C /* Main.storyboard */ = {
			isa = PBXVariantGroup;
			children = (
				76C2F07522DFFFF300AE9F2C /* Base */,
			);
			name = Main.storyboard;
			sourceTree = "<group>";
		};
		76C2F07922DFFFF500AE9F2C /* LaunchScreen.storyboard */ = {
			isa = PBXVariantGroup;
			children = (
				76C2F07A22DFFFF500AE9F2C /* Base */,
			);
			name = LaunchScreen.storyboard;
			sourceTree = "<group>";
		};
/* End PBXVariantGroup section */

/* Begin XCBuildConfiguration section */
		76C2F07D22DFFFF500AE9F2C /* Debug */ = {
			isa = XCBuildConfiguration;
			buildSettings = {
				ALWAYS_SEARCH_USER_PATHS = NO;
				CLANG_ANALYZER_NONNULL = YES;
				CLANG_ANALYZER_NUMBER_OBJECT_CONVERSION = YES_AGGRESSIVE;
				CLANG_CXX_LANGUAGE_STANDARD = "gnu++14";
				CLANG_CXX_LIBRARY = "libc++";
				CLANG_ENABLE_MODULES = YES;
				CLANG_ENABLE_OBJC_ARC = YES;
				CLANG_ENABLE_OBJC_WEAK = YES;
				CLANG_WARN_BLOCK_CAPTURE_AUTORELEASING = YES;
				CLANG_WARN_BOOL_CONVERSION = YES;
				CLANG_WARN_COMMA = YES;
				CLANG_WARN_CONSTANT_CONVERSION = YES;
				CLANG_WARN_DEPRECATED_OBJC_IMPLEMENTATIONS = YES;
				CLANG_WARN_DIRECT_OBJC_ISA_USAGE = YES_ERROR;
				CLANG_WARN_DOCUMENTATION_COMMENTS = YES;
				CLANG_WARN_EMPTY_BODY = YES;
				CLANG_WARN_ENUM_CONVERSION = YES;
				CLANG_WARN_INFINITE_RECURSION = YES;
				CLANG_WARN_INT_CONVERSION = YES;
				CLANG_WARN_NON_LITERAL_NULL_CONVERSION = YES;
				CLANG_WARN_OBJC_IMPLICIT_RETAIN_SELF = YES;
				CLANG_WARN_OBJC_LITERAL_CONVERSION = YES;
				CLANG_WARN_OBJC_ROOT_CLASS = YES_ERROR;
				CLANG_WARN_QUOTED_INCLUDE_IN_FRAMEWORK_HEADER = YES;
				CLANG_WARN_RANGE_LOOP_ANALYSIS = YES;
				CLANG_WARN_STRICT_PROTOTYPES = YES;
				CLANG_WARN_SUSPICIOUS_MOVE = YES;
				CLANG_WARN_UNGUARDED_AVAILABILITY = YES_AGGRESSIVE;
				CLANG_WARN_UNREACHABLE_CODE = YES;
				CLANG_WARN__DUPLICATE_METHOD_MATCH = YES;
				CODE_SIGN_IDENTITY = "iPhone Developer";
				COPY_PHASE_STRIP = NO;
				DEBUG_INFORMATION_FORMAT = dwarf;
				ENABLE_STRICT_OBJC_MSGSEND = YES;
				ENABLE_TESTABILITY = YES;
				GCC_C_LANGUAGE_STANDARD = gnu11;
				GCC_DYNAMIC_NO_PIC = NO;
				GCC_NO_COMMON_BLOCKS = YES;
				GCC_OPTIMIZATION_LEVEL = 0;
				GCC_PREPROCESSOR_DEFINITIONS = (
					"DEBUG=1",
					"$(inherited)",
				);
				GCC_WARN_64_TO_32_BIT_CONVERSION = YES;
				GCC_WARN_ABOUT_RETURN_TYPE = YES_ERROR;
				GCC_WARN_UNDECLARED_SELECTOR = YES;
				GCC_WARN_UNINITIALIZED_AUTOS = YES_AGGRESSIVE;
				GCC_WARN_UNUSED_FUNCTION = YES;
				GCC_WARN_UNUSED_VARIABLE = YES;
				IPHONEOS_DEPLOYMENT_TARGET = 14.5;
				MTL_ENABLE_DEBUG_INFO = INCLUDE_SOURCE;
				MTL_FAST_MATH = YES;
				ONLY_ACTIVE_ARCH = YES;
				SDKROOT = iphoneos;
				SWIFT_ACTIVE_COMPILATION_CONDITIONS = DEBUG;
				SWIFT_OPTIMIZATION_LEVEL = "-Onone";
			};
			name = Debug;
		};
		76C2F07E22DFFFF500AE9F2C /* Release */ = {
			isa = XCBuildConfiguration;
			buildSettings = {
				ALWAYS_SEARCH_USER_PATHS = NO;
				CLANG_ANALYZER_NONNULL = YES;
				CLANG_ANALYZER_NUMBER_OBJECT_CONVERSION = YES_AGGRESSIVE;
				CLANG_CXX_LANGUAGE_STANDARD = "gnu++14";
				CLANG_CXX_LIBRARY = "libc++";
				CLANG_ENABLE_MODULES = YES;
				CLANG_ENABLE_OBJC_ARC = YES;
				CLANG_ENABLE_OBJC_WEAK = YES;
				CLANG_WARN_BLOCK_CAPTURE_AUTORELEASING = YES;
				CLANG_WARN_BOOL_CONVERSION = YES;
				CLANG_WARN_COMMA = YES;
				CLANG_WARN_CONSTANT_CONVERSION = YES;
				CLANG_WARN_DEPRECATED_OBJC_IMPLEMENTATIONS = YES;
				CLANG_WARN_DIRECT_OBJC_ISA_USAGE = YES_ERROR;
				CLANG_WARN_DOCUMENTATION_COMMENTS = YES;
				CLANG_WARN_EMPTY_BODY = YES;
				CLANG_WARN_ENUM_CONVERSION = YES;
				CLANG_WARN_INFINITE_RECURSION = YES;
				CLANG_WARN_INT_CONVERSION = YES;
				CLANG_WARN_NON_LITERAL_NULL_CONVERSION = YES;
				CLANG_WARN_OBJC_IMPLICIT_RETAIN_SELF = YES;
				CLANG_WARN_OBJC_LITERAL_CONVERSION = YES;
				CLANG_WARN_OBJC_ROOT_CLASS = YES_ERROR;
				CLANG_WARN_QUOTED_INCLUDE_IN_FRAMEWORK_HEADER = YES;
				CLANG_WARN_RANGE_LOOP_ANALYSIS = YES;
				CLANG_WARN_STRICT_PROTOTYPES = YES;
				CLANG_WARN_SUSPICIOUS_MOVE = YES;
				CLANG_WARN_UNGUARDED_AVAILABILITY = YES_AGGRESSIVE;
				CLANG_WARN_UNREACHABLE_CODE = YES;
				CLANG_WARN__DUPLICATE_METHOD_MATCH = YES;
				CODE_SIGN_IDENTITY = "iPhone Developer";
				COPY_PHASE_STRIP = NO;
				DEBUG_INFORMATION_FORMAT = "dwarf-with-dsym";
				ENABLE_NS_ASSERTIONS = NO;
				ENABLE_STRICT_OBJC_MSGSEND = YES;
				GCC_C_LANGUAGE_STANDARD = gnu11;
				GCC_NO_COMMON_BLOCKS = YES;
				GCC_WARN_64_TO_32_BIT_CONVERSION = YES;
				GCC_WARN_ABOUT_RETURN_TYPE = YES_ERROR;
				GCC_WARN_UNDECLARED_SELECTOR = YES;
				GCC_WARN_UNINITIALIZED_AUTOS = YES_AGGRESSIVE;
				GCC_WARN_UNUSED_FUNCTION = YES;
				GCC_WARN_UNUSED_VARIABLE = YES;
				IPHONEOS_DEPLOYMENT_TARGET = 14.5;
				MTL_ENABLE_DEBUG_INFO = NO;
				MTL_FAST_MATH = YES;
				SDKROOT = iphoneos;
				SWIFT_COMPILATION_MODE = wholemodule;
				SWIFT_OPTIMIZATION_LEVEL = "-O";
				VALIDATE_PRODUCT = YES;
			};
			name = Release;
		};
		76C2F08022DFFFF500AE9F2C /* Debug */ = {
			isa = XCBuildConfiguration;
			baseConfigurationReference = DD97EFAAC3B8DDA78405C528 /* Pods-OnTheMap.debug.xcconfig */;
			buildSettings = {
				ASSETCATALOG_COMPILER_APPICON_NAME = AppIcon;
				CODE_SIGN_STYLE = Automatic;
				DEVELOPMENT_TEAM = 68NL7XQ986;
				INFOPLIST_FILE = OnTheMap/Info.plist;
				LD_RUNPATH_SEARCH_PATHS = (
					"$(inherited)",
					"@executable_path/Frameworks",
				);
				PRODUCT_BUNDLE_IDENTIFIER = com.AhmedAfifi.OnTheMap;
				PRODUCT_NAME = "$(TARGET_NAME)";
				SWIFT_VERSION = 5.0;
				TARGETED_DEVICE_FAMILY = "1,2";
			};
			name = Debug;
		};
		76C2F08122DFFFF500AE9F2C /* Release */ = {
			isa = XCBuildConfiguration;
			baseConfigurationReference = D35E8F58496A2D63796D1C77 /* Pods-OnTheMap.release.xcconfig */;
			buildSettings = {
				ASSETCATALOG_COMPILER_APPICON_NAME = AppIcon;
				CODE_SIGN_STYLE = Automatic;
				DEVELOPMENT_TEAM = 68NL7XQ986;
				INFOPLIST_FILE = OnTheMap/Info.plist;
				LD_RUNPATH_SEARCH_PATHS = (
					"$(inherited)",
					"@executable_path/Frameworks",
				);
				PRODUCT_BUNDLE_IDENTIFIER = com.AhmedAfifi.OnTheMap;
				PRODUCT_NAME = "$(TARGET_NAME)";
				SWIFT_VERSION = 5.0;
				TARGETED_DEVICE_FAMILY = "1,2";
			};
			name = Release;
		};
/* End XCBuildConfiguration section */

/* Begin XCConfigurationList section */
		76C2F06822DFFFF300AE9F2C /* Build configuration list for PBXProject "OnTheMap" */ = {
			isa = XCConfigurationList;
			buildConfigurations = (
				76C2F07D22DFFFF500AE9F2C /* Debug */,
				76C2F07E22DFFFF500AE9F2C /* Release */,
			);
			defaultConfigurationIsVisible = 0;
			defaultConfigurationName = Release;
		};
		76C2F07F22DFFFF500AE9F2C /* Build configuration list for PBXNativeTarget "OnTheMap" */ = {
			isa = XCConfigurationList;
			buildConfigurations = (
				76C2F08022DFFFF500AE9F2C /* Debug */,
				76C2F08122DFFFF500AE9F2C /* Release */,
			);
			defaultConfigurationIsVisible = 0;
			defaultConfigurationName = Release;
		};
/* End XCConfigurationList section */
	};
	rootObject = 76C2F06522DFFFF300AE9F2C /* Project object */;
}
